Microsoft Visual Studio Solution File, Format Version 12.00
# Visual Studio Version 17
VisualStudioVersion = 17.5.2.0
MinimumVisualStudioVersion = 10.0.40219.1
Project("{FAE04EC0-301F-11D3-BF4B-00C04F79EFBC}") = "Code", "Code\Code.csproj", "{FC2000A9-68F3-1142-BCB6-42812CE56025}"
EndProject
Global
	GlobalSection(SolutionConfigurationPlatforms) = preSolution
		Debug|Any CPU = Debug|Any CPU
		Release|Any CPU = Release|Any CPU
	EndGlobalSection
	GlobalSection(ProjectConfigurationPlatforms) = postSolution
		{FC2000A9-68F3-1142-BCB6-42812CE56025}.Debug|Any CPU.ActiveCfg = Debug|Any CPU
		{FC2000A9-68F3-1142-BCB6-42812CE56025}.Debug|Any CPU.Build.0 = Debug|Any CPU
		{FC2000A9-68F3-1142-BCB6-42812CE56025}.Release|Any CPU.ActiveCfg = Release|Any CPU
		{FC2000A9-68F3-1142-BCB6-42812CE56025}.Release|Any CPU.Build.0 = Release|Any CPU
	EndGlobalSection
	GlobalSection(SolutionProperties) = preSolution
		HideSolutionNode = FALSE
	EndGlobalSection
	GlobalSection(ExtensibilityGlobals) = postSolution
		SolutionGuid = {7E372DA6-C302-4752-898C-96367B9B73B7}
	EndGlobalSection
EndGlobal
